// !$*UTF8*$!
{
	archiveVersion = 1;
	classes = {
	};
	objectVersion = 46;
	objects = {

/* Begin PBXBuildFile section */
		BB1DB92E163A822200948597 /* UIKit.framework in Frameworks */ = {isa = PBXBuildFile; fileRef = BB1DB92D163A822200948597 /* UIKit.framework */; };
		BB1DB930163A822200948597 /* Foundation.framework in Frameworks */ = {isa = PBXBuildFile; fileRef = BB1DB92F163A822200948597 /* Foundation.framework */; };
		BB1DB932163A822200948597 /* CoreGraphics.framework in Frameworks */ = {isa = PBXBuildFile; fileRef = BB1DB931163A822200948597 /* CoreGraphics.framework */; };
		BB1DB938163A822200948597 /* InfoPlist.strings in Resources */ = {isa = PBXBuildFile; fileRef = BB1DB936163A822200948597 /* InfoPlist.strings */; };
		BB1DB93A163A822200948597 /* main.m in Sources */ = {isa = PBXBuildFile; fileRef = BB1DB939163A822200948597 /* main.m */; };
		BB1DB93E163A822200948597 /* AppDelegate.m in Sources */ = {isa = PBXBuildFile; fileRef = BB1DB93D163A822200948597 /* AppDelegate.m */; };
		BB1DB940163A822200948597 /* Default.png in Resources */ = {isa = PBXBuildFile; fileRef = BB1DB93F163A822200948597 /* Default.png */; };
		BB1DB942163A822200948597 /* Default@2x.png in Resources */ = {isa = PBXBuildFile; fileRef = BB1DB941163A822200948597 /* Default@2x.png */; };
		BB1DB944163A822200948597 /* Default-568h@2x.png in Resources */ = {isa = PBXBuildFile; fileRef = BB1DB943163A822200948597 /* Default-568h@2x.png */; };
		BB1DB947163A822200948597 /* ViewController.m in Sources */ = {isa = PBXBuildFile; fileRef = BB1DB946163A822200948597 /* ViewController.m */; };
		BB1DB94A163A822200948597 /* ViewController.xib in Resources */ = {isa = PBXBuildFile; fileRef = BB1DB948163A822200948597 /* ViewController.xib */; };
		BB1DB951163A834100948597 /* katz_fingerpaint.png in Resources */ = {isa = PBXBuildFile; fileRef = BB1DB950163A834100948597 /* katz_fingerpaint.png */; };
		BB1DB954163A84B700948597 /* ShapesView.m in Sources */ = {isa = PBXBuildFile; fileRef = BB1DB953163A84B700948597 /* ShapesView.m */; };
/* End PBXBuildFile section */

/* Begin PBXFileReference section */
		BB1DB929163A822200948597 /* FingerPaint.app */ = {isa = PBXFileReference; explicitFileType = wrapper.application; includeInIndex = 0; path = FingerPaint.app; sourceTree = BUILT_PRODUCTS_DIR; };
		BB1DB92D163A822200948597 /* UIKit.framework */ = {isa = PBXFileReference; lastKnownFileType = wrapper.framework; name = UIKit.framework; path = System/Library/Frameworks/UIKit.framework; sourceTree = SDKROOT; };
		BB1DB92F163A822200948597 /* Foundation.framework */ = {isa = PBXFileReference; lastKnownFileType = wrapper.framework; name = Foundation.framework; path = System/Library/Frameworks/Foundation.framework; sourceTree = SDKROOT; };
		BB1DB931163A822200948597 /* CoreGraphics.framework */ = {isa = PBXFileReference; lastKnownFileType = wrapper.framework; name = CoreGraphics.framework; path = System/Library/Frameworks/CoreGraphics.framework; sourceTree = SDKROOT; };
		BB1DB935163A822200948597 /* FingerPaint-Info.plist */ = {isa = PBXFileReference; lastKnownFileType = text.plist.xml; path = "FingerPaint-Info.plist"; sourceTree = "<group>"; };
		BB1DB937163A822200948597 /* en */ = {isa = PBXFileReference; lastKnownFileType = text.plist.strings; name = en; path = en.lproj/InfoPlist.strings; sourceTree = "<group>"; };
		BB1DB939163A822200948597 /* main.m */ = {isa = PBXFileReference; lastKnownFileType = sourcecode.c.objc; path = main.m; sourceTree = "<group>"; };
		BB1DB93B163A822200948597 /* FingerPaint-Prefix.pch */ = {isa = PBXFileReference; lastKnownFileType = sourcecode.c.h; path = "FingerPaint-Prefix.pch"; sourceTree = "<group>"; };
		BB1DB93C163A822200948597 /* AppDelegate.h */ = {isa = PBXFileReference; lastKnownFileType = sourcecode.c.h; path = AppDelegate.h; sourceTree = "<group>"; };
		BB1DB93D163A822200948597 /* AppDelegate.m */ = {isa = PBXFileReference; lastKnownFileType = sourcecode.c.objc; path = AppDelegate.m; sourceTree = "<group>"; };
		BB1DB93F163A822200948597 /* Default.png */ = {isa = PBXFileReference; lastKnownFileType = image.png; path = Default.png; sourceTree = "<group>"; };
		BB1DB941163A822200948597 /* Default@2x.png */ = {isa = PBXFileReference; lastKnownFileType = image.png; path = "Default@2x.png"; sourceTree = "<group>"; };
		BB1DB943163A822200948597 /* Default-568h@2x.png */ = {isa = PBXFileReference; lastKnownFileType = image.png; path = "Default-568h@2x.png"; sourceTree = "<group>"; };
		BB1DB945163A822200948597 /* ViewController.h */ = {isa = PBXFileReference; lastKnownFileType = sourcecode.c.h; path = ViewController.h; sourceTree = "<group>"; };
		BB1DB946163A822200948597 /* ViewController.m */ = {isa = PBXFileReference; lastKnownFileType = sourcecode.c.objc; path = ViewController.m; sourceTree = "<group>"; };
		BB1DB949163A822200948597 /* en */ = {isa = PBXFileReference; lastKnownFileType = file.xib; name = en; path = en.lproj/ViewController.xib; sourceTree = "<group>"; };
		BB1DB950163A834100948597 /* katz_fingerpaint.png */ = {isa = PBXFileReference; lastKnownFileType = image.png; name = katz_fingerpaint.png; path = ../katz_fingerpaint.png; sourceTree = "<group>"; };
		BB1DB952163A84B700948597 /* ShapesView.h */ = {isa = PBXFileReference; fileEncoding = 4; lastKnownFileType = sourcecode.c.h; name = ShapesView.h; path = ../ShapesView.h; sourceTree = "<group>"; };
		BB1DB953163A84B700948597 /* ShapesView.m */ = {isa = PBXFileReference; fileEncoding = 4; lastKnownFileType = sourcecode.c.objc; name = ShapesView.m; path = ../ShapesView.m; sourceTree = "<group>"; };
/* End PBXFileReference section */

/* Begin PBXFrameworksBuildPhase section */
		BB1DB926163A822200948597 /* Frameworks */ = {
			isa = PBXFrameworksBuildPhase;
			buildActionMask = 2147483647;
			files = (
				BB1DB92E163A822200948597 /* UIKit.framework in Frameworks */,
				BB1DB930163A822200948597 /* Foundation.framework in Frameworks */,
				BB1DB932163A822200948597 /* CoreGraphics.framework in Frameworks */,
			);
			runOnlyForDeploymentPostprocessing = 0;
		};
/* End PBXFrameworksBuildPhase section */

/* Begin PBXGroup section */
		BB1DB91E163A822200948597 = {
			isa = PBXGroup;
			children = (
				BB1DB933163A822200948597 /* FingerPaint */,
				BB1DB92C163A822200948597 /* Frameworks */,
				BB1DB92A163A822200948597 /* Products */,
			);
			sourceTree = "<group>";
		};
		BB1DB92A163A822200948597 /* Products */ = {
			isa = PBXGroup;
			children = (
				BB1DB929163A822200948597 /* FingerPaint.app */,
			);
			name = Products;
			sourceTree = "<group>";
		};
		BB1DB92C163A822200948597 /* Frameworks */ = {
			isa = PBXGroup;
			children = (
				BB1DB92D163A822200948597 /* UIKit.framework */,
				BB1DB92F163A822200948597 /* Foundation.framework */,
				BB1DB931163A822200948597 /* CoreGraphics.framework */,
			);
			name = Frameworks;
			sourceTree = "<group>";
		};
		BB1DB933163A822200948597 /* FingerPaint */ = {
			isa = PBXGroup;
			children = (
				BB1DB952163A84B700948597 /* ShapesView.h */,
				BB1DB953163A84B700948597 /* ShapesView.m */,
				BB1DB950163A834100948597 /* katz_fingerpaint.png */,
				BB1DB93C163A822200948597 /* AppDelegate.h */,
				BB1DB93D163A822200948597 /* AppDelegate.m */,
				BB1DB945163A822200948597 /* ViewController.h */,
				BB1DB946163A822200948597 /* ViewController.m */,
				BB1DB948163A822200948597 /* ViewController.xib */,
				BB1DB934163A822200948597 /* Supporting Files */,
			);
			path = FingerPaint;
			sourceTree = "<group>";
		};
		BB1DB934163A822200948597 /* Supporting Files */ = {
			isa = PBXGroup;
			children = (
				BB1DB935163A822200948597 /* FingerPaint-Info.plist */,
				BB1DB936163A822200948597 /* InfoPlist.strings */,
				BB1DB939163A822200948597 /* main.m */,
				BB1DB93B163A822200948597 /* FingerPaint-Prefix.pch */,
				BB1DB93F163A822200948597 /* Default.png */,
				BB1DB941163A822200948597 /* Default@2x.png */,
				BB1DB943163A822200948597 /* Default-568h@2x.png */,
			);
			name = "Supporting Files";
			sourceTree = "<group>";
		};
/* End PBXGroup section */

/* Begin PBXNativeTarget section */
		BB1DB928163A822200948597 /* FingerPaint */ = {
			isa = PBXNativeTarget;
			buildConfigurationList = BB1DB94D163A822200948597 /* Build configuration list for PBXNativeTarget "FingerPaint" */;
			buildPhases = (
				BB1DB925163A822200948597 /* Sources */,
				BB1DB926163A822200948597 /* Frameworks */,
				BB1DB927163A822200948597 /* Resources */,
			);
			buildRules = (
			);
			dependencies = (
			);
			name = FingerPaint;
			productName = FingerPaint;
			productReference = BB1DB929163A822200948597 /* FingerPaint.app */;
			productType = "com.apple.product-type.application";
		};
/* End PBXNativeTarget section */

/* Begin PBXProject section */
		BB1DB920163A822200948597 /* Project object */ = {
			isa = PBXProject;
			attributes = {
				LastUpgradeCheck = 0450;
				ORGANIZATIONNAME = "Heymès Lucas";
			};
			buildConfigurationList = BB1DB923163A822200948597 /* Build configuration list for PBXProject "FingerPaint" */;
			compatibilityVersion = "Xcode 3.2";
			developmentRegion = English;
			hasScannedForEncodings = 0;
			knownRegions = (
				en,
			);
			mainGroup = BB1DB91E163A822200948597;
			productRefGroup = BB1DB92A163A822200948597 /* Products */;
			projectDirPath = "";
			projectRoot = "";
			targets = (
				BB1DB928163A822200948597 /* FingerPaint */,
			);
		};
/* End PBXProject section */

/* Begin PBXResourcesBuildPhase section */
		BB1DB927163A822200948597 /* Resources */ = {
			isa = PBXResourcesBuildPhase;
			buildActionMask = 2147483647;
			files = (
				BB1DB938163A822200948597 /* InfoPlist.strings in Resources */,
				BB1DB940163A822200948597 /* Default.png in Resources */,
				BB1DB942163A822200948597 /* Default@2x.png in Resources */,
				BB1DB944163A822200948597 /* Default-568h@2x.png in Resources */,
				BB1DB94A163A822200948597 /* ViewController.xib in Resources */,
				BB1DB951163A834100948597 /* katz_fingerpaint.png in Resources */,
			);
			runOnlyForDeploymentPostprocessing = 0;
		};
/* End PBXResourcesBuildPhase section */

/* Begin PBXSourcesBuildPhase section */
		BB1DB925163A822200948597 /* Sources */ = {
			isa = PBXSourcesBuildPhase;
			buildActionMask = 2147483647;
			files = (
				BB1DB93A163A822200948597 /* main.m in Sources */,
				BB1DB93E163A822200948597 /* AppDelegate.m in Sources */,
				BB1DB947163A822200948597 /* ViewController.m in Sources */,
				BB1DB954163A84B700948597 /* ShapesView.m in Sources */,
			);
			runOnlyForDeploymentPostprocessing = 0;
		};
/* End PBXSourcesBuildPhase section */

/* Begin PBXVariantGroup section */
		BB1DB936163A822200948597 /* InfoPlist.strings */ = {
			isa = PBXVariantGroup;
			children = (
				BB1DB937163A822200948597 /* en */,
			);
			name = InfoPlist.strings;
			sourceTree = "<group>";
		};
		BB1DB948163A822200948597 /* ViewController.xib */ = {
			isa = PBXVariantGroup;
			children = (
				BB1DB949163A822200948597 /* en */,
			);
			name = ViewController.xib;
			sourceTree = "<group>";
		};
/* End PBXVariantGroup section */

/* Begin XCBuildConfiguration section */
		BB1DB94B163A822200948597 /* Debug */ = {
			isa = XCBuildConfiguration;
			buildSettings = {
				ALWAYS_SEARCH_USER_PATHS = NO;
				CLANG_CXX_LANGUAGE_STANDARD = "gnu++0x";
				CLANG_CXX_LIBRARY = "libc++";
				CLANG_WARN_EMPTY_BODY = YES;
				CLANG_WARN__DUPLICATE_METHOD_MATCH = YES;
				"CODE_SIGN_IDENTITY[sdk=iphoneos*]" = "iPhone Developer";
				COPY_PHASE_STRIP = NO;
				GCC_C_LANGUAGE_STANDARD = gnu99;
				GCC_DYNAMIC_NO_PIC = NO;
				GCC_OPTIMIZATION_LEVEL = 0;
				GCC_PREPROCESSOR_DEFINITIONS = (
					"DEBUG=1",
					"$(inherited)",
				);
				GCC_SYMBOLS_PRIVATE_EXTERN = NO;
				GCC_WARN_ABOUT_RETURN_TYPE = YES;
				GCC_WARN_UNINITIALIZED_AUTOS = YES;
				GCC_WARN_UNUSED_VARIABLE = YES;
				IPHONEOS_DEPLOYMENT_TARGET = 6.0;
				ONLY_ACTIVE_ARCH = YES;
				SDKROOT = iphoneos;
			};
			name = Debug;
		};
		BB1DB94C163A822200948597 /* Release */ = {
			isa = XCBuildConfiguration;
			buildSettings = {
				ALWAYS_SEARCH_USER_PATHS = NO;
				CLANG_CXX_LANGUAGE_STANDARD = "gnu++0x";
				CLANG_CXX_LIBRARY = "libc++";
				CLANG_WARN_EMPTY_BODY = YES;
				CLANG_WARN__DUPLICATE_METHOD_MATCH = YES;
				"CODE_SIGN_IDENTITY[sdk=iphoneos*]" = "iPhone Developer";
				COPY_PHASE_STRIP = YES;
				GCC_C_LANGUAGE_STANDARD = gnu99;
				GCC_WARN_ABOUT_RETURN_TYPE = YES;
				GCC_WARN_UNINITIALIZED_AUTOS = YES;
				GCC_WARN_UNUSED_VARIABLE = YES;
				IPHONEOS_DEPLOYMENT_TARGET = 6.0;
				OTHER_CFLAGS = "-DNS_BLOCK_ASSERTIONS=1";
				SDKROOT = iphoneos;
				VALIDATE_PRODUCT = YES;
			};
			name = Release;
		};
		BB1DB94E163A822200948597 /* Debug */ = {
			isa = XCBuildConfiguration;
			buildSettings = {
				GCC_PRECOMPILE_PREFIX_HEADER = YES;
				GCC_PREFIX_HEADER = "FingerPaint/FingerPaint-Prefix.pch";
				INFOPLIST_FILE = "FingerPaint/FingerPaint-Info.plist";
				PRODUCT_NAME = "$(TARGET_NAME)";
				WRAPPER_EXTENSION = app;
			};
			name = Debug;
		};
		BB1DB94F163A822200948597 /* Release */ = {
			isa = XCBuildConfiguration;
			buildSettings = {
				GCC_PRECOMPILE_PREFIX_HEADER = YES;
				GCC_PREFIX_HEADER = "FingerPaint/FingerPaint-Prefix.pch";
				INFOPLIST_FILE = "FingerPaint/FingerPaint-Info.plist";
				PRODUCT_NAME = "$(TARGET_NAME)";
				WRAPPER_EXTENSION = app;
			};
			name = Release;
		};
/* End XCBuildConfiguration section */

/* Begin XCConfigurationList section */
		BB1DB923163A822200948597 /* Build configuration list for PBXProject "FingerPaint" */ = {
			isa = XCConfigurationList;
			buildConfigurations = (
				BB1DB94B163A822200948597 /* Debug */,
				BB1DB94C163A822200948597 /* Release */,
			);
			defaultConfigurationIsVisible = 0;
			defaultConfigurationName = Release;
		};
		BB1DB94D163A822200948597 /* Build configuration list for PBXNativeTarget "FingerPaint" */ = {
			isa = XCConfigurationList;
			buildConfigurations = (
				BB1DB94E163A822200948597 /* Debug */,
				BB1DB94F163A822200948597 /* Release */,
			);
			defaultConfigurationIsVisible = 0;
		};
/* End XCConfigurationList section */
	};
	rootObject = BB1DB920163A822200948597 /* Project object */;
}
